
Microsoft Visual Studio Solution File, Format Version 12.00
# Visual Studio 15
VisualStudioVersion = 15.0.27130.2010
MinimumVisualStudioVersion = 10.0.40219.1
Project("{FAE04EC0-301F-11D3-BF4B-00C04F79EFBC}") = "BookLists.Android", "BookLists\BookLists.Android\BookLists.Android.csproj", "{E57BD201-4802-45EF-BA75-32D088AE9B4E}"
EndProject
Project("{FAE04EC0-301F-11D3-BF4B-00C04F79EFBC}") = "BookLists.iOS", "BookLists\BookLists.iOS\BookLists.iOS.csproj", "{BAEE83CF-C363-409A-88B7-2E89FDE38A76}"
EndProject
Project("{FAE04EC0-301F-11D3-BF4B-00C04F79EFBC}") = "BookLists.UWP", "BookLists\BookLists.UWP\BookLists.UWP.csproj", "{FC7B46C1-2B19-442F-813D-0A63D967D8FF}"
EndProject
Project("{FAE04EC0-301F-11D3-BF4B-00C04F79EFBC}") = "BookLists", "BookLists\BookLists\BookLists.csproj", "{10E49767-FD70-4D7C-AD62-AEDC7E6A633F}"
EndProject
Global
	GlobalSection(SolutionConfigurationPlatforms) = preSolution
		Ad-Hoc|Any CPU = Ad-Hoc|Any CPU
		Ad-Hoc|ARM = Ad-Hoc|ARM
		Ad-Hoc|iPhone = Ad-Hoc|iPhone
		Ad-Hoc|iPhoneSimulator = Ad-Hoc|iPhoneSimulator
		Ad-Hoc|x64 = Ad-Hoc|x64
		Ad-Hoc|x86 = Ad-Hoc|x86
		AppStore|Any CPU = AppStore|Any CPU
		AppStore|ARM = AppStore|ARM
		AppStore|iPhone = AppStore|iPhone
		AppStore|iPhoneSimulator = AppStore|iPhoneSimulator
		AppStore|x64 = AppStore|x64
		AppStore|x86 = AppStore|x86
		Debug|Any CPU = Debug|Any CPU
		Debug|ARM = Debug|ARM
		Debug|iPhone = Debug|iPhone
		Debug|iPhoneSimulator = Debug|iPhoneSimulator
		Debug|x64 = Debug|x64
		Debug|x86 = Debug|x86
		Release|Any CPU = Release|Any CPU
		Release|ARM = Release|ARM
		Release|iPhone = Release|iPhone
		Release|iPhoneSimulator = Release|iPhoneSimulator
		Release|x64 = Release|x64
		Release|x86 = Release|x86
	EndGlobalSection
	GlobalSection(ProjectConfigurationPlatforms) = postSolution
		{E57BD201-4802-45EF-BA75-32D088AE9B4E}.Ad-Hoc|Any CPU.ActiveCfg = Release|Any CPU
		{E57BD201-4802-45EF-BA75-32D088AE9B4E}.Ad-Hoc|Any CPU.Build.0 = Release|Any CPU
		{E57BD201-4802-45EF-BA75-32D088AE9B4E}.Ad-Hoc|Any CPU.Deploy.0 = Release|Any CPU
		{E57BD201-4802-45EF-BA75-32D088AE9B4E}.Ad-Hoc|ARM.ActiveCfg = Release|Any CPU
		{E57BD201-4802-45EF-BA75-32D088AE9B4E}.Ad-Hoc|ARM.Build.0 = Release|Any CPU
		{E57BD201-4802-45EF-BA75-32D088AE9B4E}.Ad-Hoc|ARM.Deploy.0 = Release|Any CPU
		{E57BD201-4802-45EF-BA75-32D088AE9B4E}.Ad-Hoc|iPhone.ActiveCfg = Release|Any CPU
		{E57BD201-4802-45EF-BA75-32D088AE9B4E}.Ad-Hoc|iPhone.Build.0 = Release|Any CPU
		{E57BD201-4802-45EF-BA75-32D088AE9B4E}.Ad-Hoc|iPhone.Deploy.0 = Release|Any CPU
		{E57BD201-4802-45EF-BA75-32D088AE9B4E}.Ad-Hoc|iPhoneSimulator.ActiveCfg = Release|Any CPU
		{E57BD201-4802-45EF-BA75-32D088AE9B4E}.Ad-Hoc|iPhoneSimulator.Build.0 = Release|Any CPU
		{E57BD201-4802-45EF-BA75-32D088AE9B4E}.Ad-Hoc|iPhoneSimulator.Deploy.0 = Release|Any CPU
		{E57BD201-4802-45EF-BA75-32D088AE9B4E}.Ad-Hoc|x64.ActiveCfg = Release|Any CPU
		{E57BD201-4802-45EF-BA75-32D088AE9B4E}.Ad-Hoc|x64.Build.0 = Release|Any CPU
		{E57BD201-4802-45EF-BA75-32D088AE9B4E}.Ad-Hoc|x64.Deploy.0 = Release|Any CPU
		{E57BD201-4802-45EF-BA75-32D088AE9B4E}.Ad-Hoc|x86.ActiveCfg = Release|Any CPU
		{E57BD201-4802-45EF-BA75-32D088AE9B4E}.Ad-Hoc|x86.Build.0 = Release|Any CPU
		{E57BD201-4802-45EF-BA75-32D088AE9B4E}.Ad-Hoc|x86.Deploy.0 = Release|Any CPU
		{E57BD201-4802-45EF-BA75-32D088AE9B4E}.AppStore|Any CPU.ActiveCfg = Release|Any CPU
		{E57BD201-4802-45EF-BA75-32D088AE9B4E}.AppStore|Any CPU.Build.0 = Release|Any CPU
		{E57BD201-4802-45EF-BA75-32D088AE9B4E}.AppStore|Any CPU.Deploy.0 = Release|Any CPU
		{E57BD201-4802-45EF-BA75-32D088AE9B4E}.AppStore|ARM.ActiveCfg = Release|Any CPU
		{E57BD201-4802-45EF-BA75-32D088AE9B4E}.AppStore|ARM.Build.0 = Release|Any CPU
		{E57BD201-4802-45EF-BA75-32D088AE9B4E}.AppStore|ARM.Deploy.0 = Release|Any CPU
		{E57BD201-4802-45EF-BA75-32D088AE9B4E}.AppStore|iPhone.ActiveCfg = Release|Any CPU
		{E57BD201-4802-45EF-BA75-32D088AE9B4E}.AppStore|iPhone.Build.0 = Release|Any CPU
		{E57BD201-4802-45EF-BA75-32D088AE9B4E}.AppStore|iPhone.Deploy.0 = Release|Any CPU
		{E57BD201-4802-45EF-BA75-32D088AE9B4E}.AppStore|iPhoneSimulator.ActiveCfg = Release|Any CPU
		{E57BD201-4802-45EF-BA75-32D088AE9B4E}.AppStore|iPhoneSimulator.Build.0 = Release|Any CPU
		{E57BD201-4802-45EF-BA75-32D088AE9B4E}.AppStore|iPhoneSimulator.Deploy.0 = Release|Any CPU
		{E57BD201-4802-45EF-BA75-32D088AE9B4E}.AppStore|x64.ActiveCfg = Release|Any CPU
		{E57BD201-4802-45EF-BA75-32D088AE9B4E}.AppStore|x64.Build.0 = Release|Any CPU
		{E57BD201-4802-45EF-BA75-32D088AE9B4E}.AppStore|x64.Deploy.0 = Release|Any CPU
		{E57BD201-4802-45EF-BA75-32D088AE9B4E}.AppStore|x86.ActiveCfg = Release|Any CPU
		{E57BD201-4802-45EF-BA75-32D088AE9B4E}.AppStore|x86.Build.0 = Release|Any CPU
		{E57BD201-4802-45EF-BA75-32D088AE9B4E}.AppStore|x86.Deploy.0 = Release|Any CPU
		{E57BD201-4802-45EF-BA75-32D088AE9B4E}.Debug|Any CPU.ActiveCfg = Debug|Any CPU
		{E57BD201-4802-45EF-BA75-32D088AE9B4E}.Debug|Any CPU.Build.0 = Debug|Any CPU
		{E57BD201-4802-45EF-BA75-32D088AE9B4E}.Debug|Any CPU.Deploy.0 = Debug|Any CPU
		{E57BD201-4802-45EF-BA75-32D088AE9B4E}.Debug|ARM.ActiveCfg = Debug|Any CPU
		{E57BD201-4802-45EF-BA75-32D088AE9B4E}.Debug|ARM.Build.0 = Debug|Any CPU
		{E57BD201-4802-45EF-BA75-32D088AE9B4E}.Debug|ARM.Deploy.0 = Debug|Any CPU
		{E57BD201-4802-45EF-BA75-32D088AE9B4E}.Debug|iPhone.ActiveCfg = Debug|Any CPU
		{E57BD201-4802-45EF-BA75-32D088AE9B4E}.Debug|iPhone.Build.0 = Debug|Any CPU
		{E57BD201-4802-45EF-BA75-32D088AE9B4E}.Debug|iPhone.Deploy.0 = Debug|Any CPU
		{E57BD201-4802-45EF-BA75-32D088AE9B4E}.Debug|iPhoneSimulator.ActiveCfg = Debug|Any CPU
		{E57BD201-4802-45EF-BA75-32D088AE9B4E}.Debug|iPhoneSimulator.Build.0 = Debug|Any CPU
		{E57BD201-4802-45EF-BA75-32D088AE9B4E}.Debug|iPhoneSimulator.Deploy.0 = Debug|Any CPU
		{E57BD201-4802-45EF-BA75-32D088AE9B4E}.Debug|x64.ActiveCfg = Debug|Any CPU
		{E57BD201-4802-45EF-BA75-32D088AE9B4E}.Debug|x64.Build.0 = Debug|Any CPU
		{E57BD201-4802-45EF-BA75-32D088AE9B4E}.Debug|x64.Deploy.0 = Debug|Any CPU
		{E57BD201-4802-45EF-BA75-32D088AE9B4E}.Debug|x86.ActiveCfg = Debug|Any CPU
		{E57BD201-4802-45EF-BA75-32D088AE9B4E}.Debug|x86.Build.0 = Debug|Any CPU
		{E57BD201-4802-45EF-BA75-32D088AE9B4E}.Debug|x86.Deploy.0 = Debug|Any CPU
		{E57BD201-4802-45EF-BA75-32D088AE9B4E}.Release|Any CPU.ActiveCfg = Release|Any CPU
		{E57BD201-4802-45EF-BA75-32D088AE9B4E}.Release|Any CPU.Build.0 = Release|Any CPU
		{E57BD201-4802-45EF-BA75-32D088AE9B4E}.Release|Any CPU.Deploy.0 = Release|Any CPU
		{E57BD201-4802-45EF-BA75-32D088AE9B4E}.Release|ARM.ActiveCfg = Release|Any CPU
		{E57BD201-4802-45EF-BA75-32D088AE9B4E}.Release|ARM.Build.0 = Release|Any CPU
		{E57BD201-4802-45EF-BA75-32D088AE9B4E}.Release|ARM.Deploy.0 = Release|Any CPU
		{E57BD201-4802-45EF-BA75-32D088AE9B4E}.Release|iPhone.ActiveCfg = Release|Any CPU
		{E57BD201-4802-45EF-BA75-32D088AE9B4E}.Release|iPhone.Build.0 = Release|Any CPU
		{E57BD201-4802-45EF-BA75-32D088AE9B4E}.Release|iPhone.Deploy.0 = Release|Any CPU
		{E57BD201-4802-45EF-BA75-32D088AE9B4E}.Release|iPhoneSimulator.ActiveCfg = Release|Any CPU
		{E57BD201-4802-45EF-BA75-32D088AE9B4E}.Release|iPhoneSimulator.Build.0 = Release|Any CPU
		{E57BD201-4802-45EF-BA75-32D088AE9B4E}.Release|iPhoneSimulator.Deploy.0 = Release|Any CPU
		{E57BD201-4802-45EF-BA75-32D088AE9B4E}.Release|x64.ActiveCfg = Release|Any CPU
		{E57BD201-4802-45EF-BA75-32D088AE9B4E}.Release|x64.Build.0 = Release|Any CPU
		{E57BD201-4802-45EF-BA75-32D088AE9B4E}.Release|x64.Deploy.0 = Release|Any CPU
		{E57BD201-4802-45EF-BA75-32D088AE9B4E}.Release|x86.ActiveCfg = Release|Any CPU
		{E57BD201-4802-45EF-BA75-32D088AE9B4E}.Release|x86.Build.0 = Release|Any CPU
		{E57BD201-4802-45EF-BA75-32D088AE9B4E}.Release|x86.Deploy.0 = Release|Any CPU
		{BAEE83CF-C363-409A-88B7-2E89FDE38A76}.Ad-Hoc|Any CPU.ActiveCfg = Ad-Hoc|iPhone
		{BAEE83CF-C363-409A-88B7-2E89FDE38A76}.Ad-Hoc|ARM.ActiveCfg = Ad-Hoc|iPhone
		{BAEE83CF-C363-409A-88B7-2E89FDE38A76}.Ad-Hoc|iPhone.ActiveCfg = Ad-Hoc|iPhone
		{BAEE83CF-C363-409A-88B7-2E89FDE38A76}.Ad-Hoc|iPhone.Build.0 = Ad-Hoc|iPhone
		{BAEE83CF-C363-409A-88B7-2E89FDE38A76}.Ad-Hoc|iPhoneSimulator.ActiveCfg = Ad-Hoc|iPhoneSimulator
		{BAEE83CF-C363-409A-88B7-2E89FDE38A76}.Ad-Hoc|iPhoneSimulator.Build.0 = Ad-Hoc|iPhoneSimulator
		{BAEE83CF-C363-409A-88B7-2E89FDE38A76}.Ad-Hoc|x64.ActiveCfg = Ad-Hoc|iPhone
		{BAEE83CF-C363-409A-88B7-2E89FDE38A76}.Ad-Hoc|x86.ActiveCfg = Ad-Hoc|iPhone
		{BAEE83CF-C363-409A-88B7-2E89FDE38A76}.AppStore|Any CPU.ActiveCfg = AppStore|iPhone
		{BAEE83CF-C363-409A-88B7-2E89FDE38A76}.AppStore|ARM.ActiveCfg = AppStore|iPhone
		{BAEE83CF-C363-409A-88B7-2E89FDE38A76}.AppStore|iPhone.ActiveCfg = AppStore|iPhone
		{BAEE83CF-C363-409A-88B7-2E89FDE38A76}.AppStore|iPhone.Build.0 = AppStore|iPhone
		{BAEE83CF-C363-409A-88B7-2E89FDE38A76}.AppStore|iPhoneSimulator.ActiveCfg = AppStore|iPhoneSimulator
		{BAEE83CF-C363-409A-88B7-2E89FDE38A76}.AppStore|iPhoneSimulator.Build.0 = AppStore|iPhoneSimulator
		{BAEE83CF-C363-409A-88B7-2E89FDE38A76}.AppStore|x64.ActiveCfg = AppStore|iPhone
		{BAEE83CF-C363-409A-88B7-2E89FDE38A76}.AppStore|x86.ActiveCfg = AppStore|iPhone
		{BAEE83CF-C363-409A-88B7-2E89FDE38A76}.Debug|Any CPU.ActiveCfg = Debug|iPhone
		{BAEE83CF-C363-409A-88B7-2E89FDE38A76}.Debug|ARM.ActiveCfg = Debug|iPhone
		{BAEE83CF-C363-409A-88B7-2E89FDE38A76}.Debug|iPhone.ActiveCfg = Debug|iPhone
		{BAEE83CF-C363-409A-88B7-2E89FDE38A76}.Debug|iPhone.Build.0 = Debug|iPhone
		{BAEE83CF-C363-409A-88B7-2E89FDE38A76}.Debug|iPhoneSimulator.ActiveCfg = Debug|iPhoneSimulator
		{BAEE83CF-C363-409A-88B7-2E89FDE38A76}.Debug|iPhoneSimulator.Build.0 = Debug|iPhoneSimulator
		{BAEE83CF-C363-409A-88B7-2E89FDE38A76}.Debug|x64.ActiveCfg = Debug|iPhone
		{BAEE83CF-C363-409A-88B7-2E89FDE38A76}.Debug|x86.ActiveCfg = Debug|iPhone
		{BAEE83CF-C363-409A-88B7-2E89FDE38A76}.Release|Any CPU.ActiveCfg = Release|iPhone
		{BAEE83CF-C363-409A-88B7-2E89FDE38A76}.Release|ARM.ActiveCfg = Release|iPhone
		{BAEE83CF-C363-409A-88B7-2E89FDE38A76}.Release|iPhone.ActiveCfg = Release|iPhone
		{BAEE83CF-C363-409A-88B7-2E89FDE38A76}.Release|iPhone.Build.0 = Release|iPhone
		{BAEE83CF-C363-409A-88B7-2E89FDE38A76}.Release|iPhoneSimulator.ActiveCfg = Release|iPhoneSimulator
		{BAEE83CF-C363-409A-88B7-2E89FDE38A76}.Release|iPhoneSimulator.Build.0 = Release|iPhoneSimulator
		{BAEE83CF-C363-409A-88B7-2E89FDE38A76}.Release|x64.ActiveCfg = Release|iPhone
		{BAEE83CF-C363-409A-88B7-2E89FDE38A76}.Release|x86.ActiveCfg = Release|iPhone
		{FC7B46C1-2B19-442F-813D-0A63D967D8FF}.Ad-Hoc|Any CPU.ActiveCfg = Release|x86
		{FC7B46C1-2B19-442F-813D-0A63D967D8FF}.Ad-Hoc|Any CPU.Build.0 = Release|x86
		{FC7B46C1-2B19-442F-813D-0A63D967D8FF}.Ad-Hoc|Any CPU.Deploy.0 = Release|x86
		{FC7B46C1-2B19-442F-813D-0A63D967D8FF}.Ad-Hoc|ARM.ActiveCfg = Release|ARM
		{FC7B46C1-2B19-442F-813D-0A63D967D8FF}.Ad-Hoc|ARM.Build.0 = Release|ARM
		{FC7B46C1-2B19-442F-813D-0A63D967D8FF}.Ad-Hoc|ARM.Deploy.0 = Release|ARM
		{FC7B46C1-2B19-442F-813D-0A63D967D8FF}.Ad-Hoc|iPhone.ActiveCfg = Release|x86
		{FC7B46C1-2B19-442F-813D-0A63D967D8FF}.Ad-Hoc|iPhone.Build.0 = Release|x86
		{FC7B46C1-2B19-442F-813D-0A63D967D8FF}.Ad-Hoc|iPhone.Deploy.0 = Release|x86
		{FC7B46C1-2B19-442F-813D-0A63D967D8FF}.Ad-Hoc|iPhoneSimulator.ActiveCfg = Release|x86
		{FC7B46C1-2B19-442F-813D-0A63D967D8FF}.Ad-Hoc|iPhoneSimulator.Build.0 = Release|x86
		{FC7B46C1-2B19-442F-813D-0A63D967D8FF}.Ad-Hoc|iPhoneSimulator.Deploy.0 = Release|x86
		{FC7B46C1-2B19-442F-813D-0A63D967D8FF}.Ad-Hoc|x64.ActiveCfg = Release|x64
		{FC7B46C1-2B19-442F-813D-0A63D967D8FF}.Ad-Hoc|x64.Build.0 = Release|x64
		{FC7B46C1-2B19-442F-813D-0A63D967D8FF}.Ad-Hoc|x64.Deploy.0 = Release|x64
		{FC7B46C1-2B19-442F-813D-0A63D967D8FF}.Ad-Hoc|x86.ActiveCfg = Release|x86
		{FC7B46C1-2B19-442F-813D-0A63D967D8FF}.Ad-Hoc|x86.Build.0 = Release|x86
		{FC7B46C1-2B19-442F-813D-0A63D967D8FF}.Ad-Hoc|x86.Deploy.0 = Release|x86
		{FC7B46C1-2B19-442F-813D-0A63D967D8FF}.AppStore|Any CPU.ActiveCfg = Release|x86
		{FC7B46C1-2B19-442F-813D-0A63D967D8FF}.AppStore|Any CPU.Build.0 = Release|x86
		{FC7B46C1-2B19-442F-813D-0A63D967D8FF}.AppStore|Any CPU.Deploy.0 = Release|x86
		{FC7B46C1-2B19-442F-813D-0A63D967D8FF}.AppStore|ARM.ActiveCfg = Release|ARM
		{FC7B46C1-2B19-442F-813D-0A63D967D8FF}.AppStore|ARM.Build.0 = Release|ARM
		{FC7B46C1-2B19-442F-813D-0A63D967D8FF}.AppStore|ARM.Deploy.0 = Release|ARM
		{FC7B46C1-2B19-442F-813D-0A63D967D8FF}.AppStore|iPhone.ActiveCfg = Release|x86
		{FC7B46C1-2B19-442F-813D-0A63D967D8FF}.AppStore|iPhone.Build.0 = Release|x86
		{FC7B46C1-2B19-442F-813D-0A63D967D8FF}.AppStore|iPhone.Deploy.0 = Release|x86
		{FC7B46C1-2B19-442F-813D-0A63D967D8FF}.AppStore|iPhoneSimulator.ActiveCfg = Release|x86
		{FC7B46C1-2B19-442F-813D-0A63D967D8FF}.AppStore|iPhoneSimulator.Build.0 = Release|x86
		{FC7B46C1-2B19-442F-813D-0A63D967D8FF}.AppStore|iPhoneSimulator.Deploy.0 = Release|x86
		{FC7B46C1-2B19-442F-813D-0A63D967D8FF}.AppStore|x64.ActiveCfg = Release|x64
		{FC7B46C1-2B19-442F-813D-0A63D967D8FF}.AppStore|x64.Build.0 = Release|x64
		{FC7B46C1-2B19-442F-813D-0A63D967D8FF}.AppStore|x64.Deploy.0 = Release|x64
		{FC7B46C1-2B19-442F-813D-0A63D967D8FF}.AppStore|x86.ActiveCfg = Release|x86
		{FC7B46C1-2B19-442F-813D-0A63D967D8FF}.AppStore|x86.Build.0 = Release|x86
		{FC7B46C1-2B19-442F-813D-0A63D967D8FF}.AppStore|x86.Deploy.0 = Release|x86
		{FC7B46C1-2B19-442F-813D-0A63D967D8FF}.Debug|Any CPU.ActiveCfg = Debug|x86
		{FC7B46C1-2B19-442F-813D-0A63D967D8FF}.Debug|ARM.ActiveCfg = Debug|ARM
		{FC7B46C1-2B19-442F-813D-0A63D967D8FF}.Debug|ARM.Build.0 = Debug|ARM
		{FC7B46C1-2B19-442F-813D-0A63D967D8FF}.Debug|ARM.Deploy.0 = Debug|ARM
		{FC7B46C1-2B19-442F-813D-0A63D967D8FF}.Debug|iPhone.ActiveCfg = Debug|x86
		{FC7B46C1-2B19-442F-813D-0A63D967D8FF}.Debug|iPhoneSimulator.ActiveCfg = Debug|x86
		{FC7B46C1-2B19-442F-813D-0A63D967D8FF}.Debug|x64.ActiveCfg = Debug|x64
		{FC7B46C1-2B19-442F-813D-0A63D967D8FF}.Debug|x64.Build.0 = Debug|x64
		{FC7B46C1-2B19-442F-813D-0A63D967D8FF}.Debug|x64.Deploy.0 = Debug|x64
		{FC7B46C1-2B19-442F-813D-0A63D967D8FF}.Debug|x86.ActiveCfg = Debug|x64
		{FC7B46C1-2B19-442F-813D-0A63D967D8FF}.Debug|x86.Build.0 = Debug|x64
		{FC7B46C1-2B19-442F-813D-0A63D967D8FF}.Debug|x86.Deploy.0 = Debug|x64
		{FC7B46C1-2B19-442F-813D-0A63D967D8FF}.Release|Any CPU.ActiveCfg = Release|x86
		{FC7B46C1-2B19-442F-813D-0A63D967D8FF}.Release|ARM.ActiveCfg = Release|ARM
		{FC7B46C1-2B19-442F-813D-0A63D967D8FF}.Release|ARM.Build.0 = Release|ARM
		{FC7B46C1-2B19-442F-813D-0A63D967D8FF}.Release|ARM.Deploy.0 = Release|ARM
		{FC7B46C1-2B19-442F-813D-0A63D967D8FF}.Release|iPhone.ActiveCfg = Release|x86
		{FC7B46C1-2B19-442F-813D-0A63D967D8FF}.Release|iPhoneSimulator.ActiveCfg = Release|x86
		{FC7B46C1-2B19-442F-813D-0A63D967D8FF}.Release|x64.ActiveCfg = Release|x64
		{FC7B46C1-2B19-442F-813D-0A63D967D8FF}.Release|x64.Build.0 = Release|x64
		{FC7B46C1-2B19-442F-813D-0A63D967D8FF}.Release|x64.Deploy.0 = Release|x64
		{FC7B46C1-2B19-442F-813D-0A63D967D8FF}.Release|x86.ActiveCfg = Release|x86
		{FC7B46C1-2B19-442F-813D-0A63D967D8FF}.Release|x86.Build.0 = Release|x86
		{FC7B46C1-2B19-442F-813D-0A63D967D8FF}.Release|x86.Deploy.0 = Release|x86
		{10E49767-FD70-4D7C-AD62-AEDC7E6A633F}.Ad-Hoc|Any CPU.ActiveCfg = Debug|Any CPU
		{10E49767-FD70-4D7C-AD62-AEDC7E6A633F}.Ad-Hoc|Any CPU.Build.0 = Debug|Any CPU
		{10E49767-FD70-4D7C-AD62-AEDC7E6A633F}.Ad-Hoc|ARM.ActiveCfg = Debug|Any CPU
		{10E49767-FD70-4D7C-AD62-AEDC7E6A633F}.Ad-Hoc|ARM.Build.0 = Debug|Any CPU
		{10E49767-FD70-4D7C-AD62-AEDC7E6A633F}.Ad-Hoc|iPhone.ActiveCfg = Debug|Any CPU
		{10E49767-FD70-4D7C-AD62-AEDC7E6A633F}.Ad-Hoc|iPhone.Build.0 = Debug|Any CPU
		{10E49767-FD70-4D7C-AD62-AEDC7E6A633F}.Ad-Hoc|iPhoneSimulator.ActiveCfg = Debug|Any CPU
		{10E49767-FD70-4D7C-AD62-AEDC7E6A633F}.Ad-Hoc|iPhoneSimulator.Build.0 = Debug|Any CPU
		{10E49767-FD70-4D7C-AD62-AEDC7E6A633F}.Ad-Hoc|x64.ActiveCfg = Debug|Any CPU
		{10E49767-FD70-4D7C-AD62-AEDC7E6A633F}.Ad-Hoc|x64.Build.0 = Debug|Any CPU
		{10E49767-FD70-4D7C-AD62-AEDC7E6A633F}.Ad-Hoc|x86.ActiveCfg = Debug|Any CPU
		{10E49767-FD70-4D7C-AD62-AEDC7E6A633F}.Ad-Hoc|x86.Build.0 = Debug|Any CPU
		{10E49767-FD70-4D7C-AD62-AEDC7E6A633F}.AppStore|Any CPU.ActiveCfg = Debug|Any CPU
		{10E49767-FD70-4D7C-AD62-AEDC7E6A633F}.AppStore|Any CPU.Build.0 = Debug|Any CPU
		{10E49767-FD70-4D7C-AD62-AEDC7E6A633F}.AppStore|ARM.ActiveCfg = Debug|Any CPU
		{10E49767-FD70-4D7C-AD62-AEDC7E6A633F}.AppStore|ARM.Build.0 = Debug|Any CPU
		{10E49767-FD70-4D7C-AD62-AEDC7E6A633F}.AppStore|iPhone.ActiveCfg = Debug|Any CPU
		{10E49767-FD70-4D7C-AD62-AEDC7E6A633F}.AppStore|iPhone.Build.0 = Debug|Any CPU
		{10E49767-FD70-4D7C-AD62-AEDC7E6A633F}.AppStore|iPhoneSimulator.ActiveCfg = Debug|Any CPU
		{10E49767-FD70-4D7C-AD62-AEDC7E6A633F}.AppStore|iPhoneSimulator.Build.0 = Debug|Any CPU
		{10E49767-FD70-4D7C-AD62-AEDC7E6A633F}.AppStore|x64.ActiveCfg = Debug|Any CPU
		{10E49767-FD70-4D7C-AD62-AEDC7E6A633F}.AppStore|x64.Build.0 = Debug|Any CPU
		{10E49767-FD70-4D7C-AD62-AEDC7E6A633F}.AppStore|x86.ActiveCfg = Debug|Any CPU
		{10E49767-FD70-4D7C-AD62-AEDC7E6A633F}.AppStore|x86.Build.0 = Debug|Any CPU
		{10E49767-FD70-4D7C-AD62-AEDC7E6A633F}.Debug|Any CPU.ActiveCfg = Debug|Any CPU
		{10E49767-FD70-4D7C-AD62-AEDC7E6A633F}.Debug|Any CPU.Build.0 = Debug|Any CPU
		{10E49767-FD70-4D7C-AD62-AEDC7E6A633F}.Debug|ARM.ActiveCfg = Debug|Any CPU
		{10E49767-FD70-4D7C-AD62-AEDC7E6A633F}.Debug|ARM.Build.0 = Debug|Any CPU
		{10E49767-FD70-4D7C-AD62-AEDC7E6A633F}.Debug|iPhone.ActiveCfg = Debug|Any CPU
		{10E49767-FD70-4D7C-AD62-AEDC7E6A633F}.Debug|iPhone.Build.0 = Debug|Any CPU
		{10E49767-FD70-4D7C-AD62-AEDC7E6A633F}.Debug|iPhoneSimulator.ActiveCfg = Debug|Any CPU
		{10E49767-FD70-4D7C-AD62-AEDC7E6A633F}.Debug|iPhoneSimulator.Build.0 = Debug|Any CPU
		{10E49767-FD70-4D7C-AD62-AEDC7E6A633F}.Debug|x64.ActiveCfg = Debug|Any CPU
		{10E49767-FD70-4D7C-AD62-AEDC7E6A633F}.Debug|x64.Build.0 = Debug|Any CPU
		{10E49767-FD70-4D7C-AD62-AEDC7E6A633F}.Debug|x86.ActiveCfg = Debug|Any CPU
		{10E49767-FD70-4D7C-AD62-AEDC7E6A633F}.Debug|x86.Build.0 = Debug|Any CPU
		{10E49767-FD70-4D7C-AD62-AEDC7E6A633F}.Release|Any CPU.ActiveCfg = Release|Any CPU
		{10E49767-FD70-4D7C-AD62-AEDC7E6A633F}.Release|Any CPU.Build.0 = Release|Any CPU
		{10E49767-FD70-4D7C-AD62-AEDC7E6A633F}.Release|ARM.ActiveCfg = Release|Any CPU
		{10E49767-FD70-4D7C-AD62-AEDC7E6A633F}.Release|ARM.Build.0 = Release|Any CPU
		{10E49767-FD70-4D7C-AD62-AEDC7E6A633F}.Release|iPhone.ActiveCfg = Release|Any CPU
		{10E49767-FD70-4D7C-AD62-AEDC7E6A633F}.Release|iPhone.Build.0 = Release|Any CPU
		{10E49767-FD70-4D7C-AD62-AEDC7E6A633F}.Release|iPhoneSimulator.ActiveCfg = Release|Any CPU
		{10E49767-FD70-4D7C-AD62-AEDC7E6A633F}.Release|iPhoneSimulator.Build.0 = Release|Any CPU
		{10E49767-FD70-4D7C-AD62-AEDC7E6A633F}.Release|x64.ActiveCfg = Release|Any CPU
		{10E49767-FD70-4D7C-AD62-AEDC7E6A633F}.Release|x64.Build.0 = Release|Any CPU
		{10E49767-FD70-4D7C-AD62-AEDC7E6A633F}.Release|x86.ActiveCfg = Release|Any CPU
		{10E49767-FD70-4D7C-AD62-AEDC7E6A633F}.Release|x86.Build.0 = Release|Any CPU
	EndGlobalSection
	GlobalSection(SolutionProperties) = preSolution
		HideSolutionNode = FALSE
	EndGlobalSection
	GlobalSection(ExtensibilityGlobals) = postSolution
		SolutionGuid = {1FFCA954-579E-4E34-8BED-2214479A43C1}
	EndGlobalSection
EndGlobal
